
Microsoft Visual Studio Solution File, Format Version 12.00
# Visual Studio Version 17
VisualStudioVersion = 17.1.32421.90
MinimumVisualStudioVersion = 10.0.40219.1
Project("{FAE04EC0-301F-11D3-BF4B-00C04F79EFBC}") = "MyScriptureJournal", "MyScriptureJournal\MyScriptureJournal.csproj", "{43F82C03-63B3-4953-9590-FA2CCA46FADF}"
EndProject
Global
	GlobalSection(SolutionConfigurationPlatforms) = preSolution
		Debug|Any CPU = Debug|Any CPU
		Release|Any CPU = Release|Any CPU
	EndGlobalSection
	GlobalSection(ProjectConfigurationPlatforms) = postSolution
		{43F82C03-63B3-4953-9590-FA2CCA46FADF}.Debug|Any CPU.ActiveCfg = Debug|Any CPU
		{43F82C03-63B3-4953-9590-FA2CCA46FADF}.Debug|Any CPU.Build.0 = Debug|Any CPU
		{43F82C03-63B3-4953-9590-FA2CCA46FADF}.Release|Any CPU.ActiveCfg = Release|Any CPU
		{43F82C03-63B3-4953-9590-FA2CCA46FADF}.Release|Any CPU.Build.0 = Release|Any CPU
	EndGlobalSection
	GlobalSection(SolutionProperties) = preSolution
		HideSolutionNode = FALSE
	EndGlobalSection
	GlobalSection(ExtensibilityGlobals) = postSolution
		SolutionGuid = {683AD047-E9C7-4AA4-8D24-E58CF2929E47}
	EndGlobalSection
EndGlobal
